
Microsoft Visual Studio Solution File, Format Version 12.00
# Visual Studio Version 16
VisualStudioVersion = 16.0.29806.167
MinimumVisualStudioVersion = 10.0.40219.1
Project("{9A19103F-16F7-4668-BE54-9A1E7A4F7556}") = "ProductManagement.web", "ProductManagement.web\ProductManagement.web.csproj", "{B7824731-B3E1-41E5-B63C-72C4F398D6BE}"
EndProject
Project("{FAE04EC0-301F-11D3-BF4B-00C04F79EFBC}") = "Devskill.Product.Data", "Devskill.Product.Data\Devskill.Product.Data.csproj", "{E84564BF-0E80-4005-9B85-76DCE765F3B4}"
EndProject
Project("{FAE04EC0-301F-11D3-BF4B-00C04F79EFBC}") = "Devskill.Product.Framework", "Devskill.Product.Framework\Devskill.Product.Framework.csproj", "{11A5F496-142E-4BCE-8BB7-6C5F9A16C5DD}"
EndProject
Global
	GlobalSection(SolutionConfigurationPlatforms) = preSolution
		Debug|Any CPU = Debug|Any CPU
		Release|Any CPU = Release|Any CPU
	EndGlobalSection
	GlobalSection(ProjectConfigurationPlatforms) = postSolution
		{B7824731-B3E1-41E5-B63C-72C4F398D6BE}.Debug|Any CPU.ActiveCfg = Debug|Any CPU
		{B7824731-B3E1-41E5-B63C-72C4F398D6BE}.Debug|Any CPU.Build.0 = Debug|Any CPU
		{B7824731-B3E1-41E5-B63C-72C4F398D6BE}.Release|Any CPU.ActiveCfg = Release|Any CPU
		{B7824731-B3E1-41E5-B63C-72C4F398D6BE}.Release|Any CPU.Build.0 = Release|Any CPU
		{E84564BF-0E80-4005-9B85-76DCE765F3B4}.Debug|Any CPU.ActiveCfg = Debug|Any CPU
		{E84564BF-0E80-4005-9B85-76DCE765F3B4}.Debug|Any CPU.Build.0 = Debug|Any CPU
		{E84564BF-0E80-4005-9B85-76DCE765F3B4}.Release|Any CPU.ActiveCfg = Release|Any CPU
		{E84564BF-0E80-4005-9B85-76DCE765F3B4}.Release|Any CPU.Build.0 = Release|Any CPU
		{11A5F496-142E-4BCE-8BB7-6C5F9A16C5DD}.Debug|Any CPU.ActiveCfg = Debug|Any CPU
		{11A5F496-142E-4BCE-8BB7-6C5F9A16C5DD}.Debug|Any CPU.Build.0 = Debug|Any CPU
		{11A5F496-142E-4BCE-8BB7-6C5F9A16C5DD}.Release|Any CPU.ActiveCfg = Release|Any CPU
		{11A5F496-142E-4BCE-8BB7-6C5F9A16C5DD}.Release|Any CPU.Build.0 = Release|Any CPU
	EndGlobalSection
	GlobalSection(SolutionProperties) = preSolution
		HideSolutionNode = FALSE
	EndGlobalSection
	GlobalSection(ExtensibilityGlobals) = postSolution
		SolutionGuid = {F6443165-D2CB-40B6-B112-849C0220BB80}
	EndGlobalSection
EndGlobal
