
Microsoft Visual Studio Solution File, Format Version 12.00
# Visual Studio Version 16
VisualStudioVersion = 16.0.29905.134
MinimumVisualStudioVersion = 10.0.40219.1
Project("{FAE04EC0-301F-11D3-BF4B-00C04F79EFBC}") = "StudentGrades.web", "StudentGrades.web\StudentGrades.web.csproj", "{0280DA37-06F1-4651-92E1-C64E45874FBF}"
EndProject
Project("{FAE04EC0-301F-11D3-BF4B-00C04F79EFBC}") = "StudentGrades.Data", "StudentGrades.Data\StudentGrades.Data.csproj", "{99762F33-5B39-4BE2-8D4B-970564770C11}"
EndProject
Project("{FAE04EC0-301F-11D3-BF4B-00C04F79EFBC}") = "StudentGrades.Framework", "StudentGrades.Framework\StudentGrades.Framework.csproj", "{2F387564-2D27-4BBC-BAF1-2D00BA814082}"
EndProject
Global
	GlobalSection(SolutionConfigurationPlatforms) = preSolution
		Debug|Any CPU = Debug|Any CPU
		Release|Any CPU = Release|Any CPU
	EndGlobalSection
	GlobalSection(ProjectConfigurationPlatforms) = postSolution
		{0280DA37-06F1-4651-92E1-C64E45874FBF}.Debug|Any CPU.ActiveCfg = Debug|Any CPU
		{0280DA37-06F1-4651-92E1-C64E45874FBF}.Debug|Any CPU.Build.0 = Debug|Any CPU
		{0280DA37-06F1-4651-92E1-C64E45874FBF}.Release|Any CPU.ActiveCfg = Release|Any CPU
		{0280DA37-06F1-4651-92E1-C64E45874FBF}.Release|Any CPU.Build.0 = Release|Any CPU
		{99762F33-5B39-4BE2-8D4B-970564770C11}.Debug|Any CPU.ActiveCfg = Debug|Any CPU
		{99762F33-5B39-4BE2-8D4B-970564770C11}.Debug|Any CPU.Build.0 = Debug|Any CPU
		{99762F33-5B39-4BE2-8D4B-970564770C11}.Release|Any CPU.ActiveCfg = Release|Any CPU
		{99762F33-5B39-4BE2-8D4B-970564770C11}.Release|Any CPU.Build.0 = Release|Any CPU
		{2F387564-2D27-4BBC-BAF1-2D00BA814082}.Debug|Any CPU.ActiveCfg = Debug|Any CPU
		{2F387564-2D27-4BBC-BAF1-2D00BA814082}.Debug|Any CPU.Build.0 = Debug|Any CPU
		{2F387564-2D27-4BBC-BAF1-2D00BA814082}.Release|Any CPU.ActiveCfg = Release|Any CPU
		{2F387564-2D27-4BBC-BAF1-2D00BA814082}.Release|Any CPU.Build.0 = Release|Any CPU
	EndGlobalSection
	GlobalSection(SolutionProperties) = preSolution
		HideSolutionNode = FALSE
	EndGlobalSection
	GlobalSection(ExtensibilityGlobals) = postSolution
		SolutionGuid = {E8506A4B-5F18-4DB2-A458-B0DF45DAF51D}
	EndGlobalSection
EndGlobal
